
Microsoft Visual Studio Solution File, Format Version 11.00
# Visual C++ Express 2010
Project("{8BC9CEB8-8B4A-11D0-8D11-00A0C91BC942}") = "CPP01-Sk-02-05-01", "CPP01-Sk-02-05-01\CPP01-Sk-02-05-01.vcxproj", "{AEDD2D6B-2CAD-4EC2-B6A2-5300D0FC70F8}"
EndProject
Project("{8BC9CEB8-8B4A-11D0-8D11-00A0C91BC942}") = "CPP01-Sk-02-05-02", "CPP01-Sk-02-05-02\CPP01-Sk-02-05-02.vcxproj", "{AED88BD8-82A0-4DA6-9317-371F42A956D9}"
EndProject
Project("{8BC9CEB8-8B4A-11D0-8D11-00A0C91BC942}") = "CPP01-Sk-02-05-03", "CPP01-Sk-02-05-03\CPP01-Sk-02-05-03.vcxproj", "{D0205CA6-A833-4896-9F41-FACA36A6DFF0}"
EndProject
Project("{8BC9CEB8-8B4A-11D0-8D11-00A0C91BC942}") = "CPP01-Sk-02-05-04", "CPP01-Sk-02-05-04\CPP01-Sk-02-05-04.vcxproj", "{5CF93F75-F0CB-4EA0-BE5D-087EA6C48D0D}"
EndProject
Project("{8BC9CEB8-8B4A-11D0-8D11-00A0C91BC942}") = "CPP01-Sk-03-05-01", "CPP01-Sk-03-05-01\CPP01-Sk-03-05-01.vcxproj", "{03B95FDF-738A-45BC-85EF-896899C31F10}"
EndProject
Project("{8BC9CEB8-8B4A-11D0-8D11-00A0C91BC942}") = "CPP01-Sk-03-05-02", "CPP01-Sk-03-05-02\CPP01-Sk-03-05-02.vcxproj", "{3E098DA1-DDB8-4233-A673-FE6DE0A560EC}"
EndProject
Project("{8BC9CEB8-8B4A-11D0-8D11-00A0C91BC942}") = "CPP01-Sk-03-05-03", "CPP01-Sk-03-05-03\CPP01-Sk-03-05-03.vcxproj", "{478E08C6-BD0C-4424-807B-40EA8EA06F6F}"
EndProject
Project("{8BC9CEB8-8B4A-11D0-8D11-00A0C91BC942}") = "CPP01-Sk-03-05-04", "CPP01-Sk-03-05-04\CPP01-Sk-03-05-04.vcxproj", "{CF317A95-D1A6-4CA5-BA3A-D46F71710635}"
EndProject
Project("{8BC9CEB8-8B4A-11D0-8D11-00A0C91BC942}") = "CPP01-Sk-04-02-01", "CPP01-Sk-04-02-01\CPP01-Sk-04-02-01.vcxproj", "{FAA75242-BBAC-4E3D-A6AF-CBAC5A5330DB}"
EndProject
Project("{8BC9CEB8-8B4A-11D0-8D11-00A0C91BC942}") = "CPP01-Sk-04-02-02", "CPP01-Sk-04-02-02\CPP01-Sk-04-02-02.vcxproj", "{94FCC500-46C7-48FA-B1A5-3BC0B72942E9}"
EndProject
Project("{8BC9CEB8-8B4A-11D0-8D11-00A0C91BC942}") = "CPP01-Sk-04-02-03", "CPP01-Sk-04-02-03\CPP01-Sk-04-02-03.vcxproj", "{906B18E4-64DD-47EF-ACC9-5601F12B544E}"
EndProject
Project("{8BC9CEB8-8B4A-11D0-8D11-00A0C91BC942}") = "CPP01-Sk-04-02-04", "CPP01-Sk-04-02-04\CPP01-Sk-04-02-04.vcxproj", "{2D44F151-6ABB-4AEC-8E49-65635856D6F7}"
EndProject
Project("{8BC9CEB8-8B4A-11D0-8D11-00A0C91BC942}") = "CPP01-Sk-04-04-01", "CPP01-Sk-04-04-01\CPP01-Sk-04-04-01.vcxproj", "{004CE1A6-07AF-412C-AABB-0D2A226F7FA0}"
EndProject
Project("{8BC9CEB8-8B4A-11D0-8D11-00A0C91BC942}") = "CPP01-Sk-04-04-02", "CPP01-Sk-04-04-02\CPP01-Sk-04-04-02.vcxproj", "{D54EA97D-D1D5-459A-9578-6DFD735C14CC}"
EndProject
Project("{8BC9CEB8-8B4A-11D0-8D11-00A0C91BC942}") = "CPP01-Sk-04-04-03", "CPP01-Sk-04-04-03\CPP01-Sk-04-04-03.vcxproj", "{1CAD2DEB-4807-4614-B02E-A456EBC07F5D}"
EndProject
Project("{8BC9CEB8-8B4A-11D0-8D11-00A0C91BC942}") = "CPP01-Sk-04-04-04", "CPP01-Sk-04-04-04\CPP01-Sk-04-04-04.vcxproj", "{66778932-FBA3-4697-B401-57E16373D84E}"
EndProject
Project("{8BC9CEB8-8B4A-11D0-8D11-00A0C91BC942}") = "CPP01-Sk-04-04-05", "CPP01-Sk-04-04-05\CPP01-Sk-04-04-05.vcxproj", "{CF0C3786-DD06-4EDB-ADC3-8F890ADA2DEC}"
EndProject
Project("{8BC9CEB8-8B4A-11D0-8D11-00A0C91BC942}") = "CPP01-Sk-04-04-06", "CPP01-Sk-04-04-06\CPP01-Sk-04-04-06.vcxproj", "{E7604F96-F8CC-4775-B688-4E72BB7A2E44}"
EndProject
Project("{8BC9CEB8-8B4A-11D0-8D11-00A0C91BC942}") = "CPP01-Sk-04-04-07", "CPP01-Sk-04-04-07\CPP01-Sk-04-04-07.vcxproj", "{B1CD52A8-6449-4CC3-A62F-ED4838CB016E}"
EndProject
Project("{8BC9CEB8-8B4A-11D0-8D11-00A0C91BC942}") = "CPP01-Sk-04-04-08", "CPP01-Sk-04-04-08\CPP01-Sk-04-04-08.vcxproj", "{5F17B5F4-DB3D-410F-95BB-727021643745}"
EndProject
Project("{8BC9CEB8-8B4A-11D0-8D11-00A0C91BC942}") = "CPP01-Sk-04-04-09", "CPP01-Sk-04-04-09\CPP01-Sk-04-04-09.vcxproj", "{57774FF3-E7FB-4365-A2F4-87876D2EDBE4}"
EndProject
Project("{8BC9CEB8-8B4A-11D0-8D11-00A0C91BC942}") = "CPP01-Sk-05-02-01", "CPP01-Sk-05-02-01\CPP01-Sk-05-02-01.vcxproj", "{DE530D0F-D863-45D0-9AF3-001AA45BD362}"
EndProject
Project("{8BC9CEB8-8B4A-11D0-8D11-00A0C91BC942}") = "CPP01-Sk-05-02-02", "CPP01-Sk-05-02-02\CPP01-Sk-05-02-02.vcxproj", "{6ACFF648-4469-460F-BE20-0CB94EC9F136}"
EndProject
Project("{8BC9CEB8-8B4A-11D0-8D11-00A0C91BC942}") = "CPP01-Sk-05-02-03", "CPP01-Sk-05-02-03\CPP01-Sk-05-02-03.vcxproj", "{1E9675BD-2F0E-42DA-8D2F-D5608766C9C0}"
EndProject
Project("{8BC9CEB8-8B4A-11D0-8D11-00A0C91BC942}") = "CPP01-Sk-05-03-02", "CPP01-Sk-05-03-02\CPP01-Sk-05-03-02.vcxproj", "{154933D5-FAF7-47D9-84C5-59942E3771E7}"
EndProject
Project("{8BC9CEB8-8B4A-11D0-8D11-00A0C91BC942}") = "CPP01-Sk-05-03-03", "CPP01-Sk-05-03-03\CPP01-Sk-05-03-03.vcxproj", "{9D512D70-AB09-4EFC-B5F4-7F562632570B}"
EndProject
Project("{8BC9CEB8-8B4A-11D0-8D11-00A0C91BC942}") = "CPP01-Sk-05-03-04", "CPP01-Sk-05-03-04\CPP01-Sk-05-03-04.vcxproj", "{0391DE71-CD7D-40DD-8CC9-553CE4E33363}"
EndProject
Project("{8BC9CEB8-8B4A-11D0-8D11-00A0C91BC942}") = "CPP01-Sk-05-04-01", "CPP01-Sk-05-04-01\CPP01-Sk-05-04-01.vcxproj", "{84013230-4DB2-4DAB-B574-D7D8D0F2EE97}"
EndProject
Project("{8BC9CEB8-8B4A-11D0-8D11-00A0C91BC942}") = "CPP01-Sk-05-04-02", "CPP01-Sk-05-04-02\CPP01-Sk-05-04-02.vcxproj", "{A230C220-6584-48FF-87F7-7763AC865F90}"
EndProject
Project("{8BC9CEB8-8B4A-11D0-8D11-00A0C91BC942}") = "CPP01-Sk-05-04-03", "CPP01-Sk-05-04-03\CPP01-Sk-05-04-03.vcxproj", "{3F4CFF42-4B2E-4EC9-859D-6F26BA08F598}"
EndProject
Project("{8BC9CEB8-8B4A-11D0-8D11-00A0C91BC942}") = "CPP01-Sk-05-06-01", "CPP01-Sk-05-06-01\CPP01-Sk-05-06-01.vcxproj", "{6522CF7A-B658-4743-967B-C1C64A6F9883}"
EndProject
Project("{8BC9CEB8-8B4A-11D0-8D11-00A0C91BC942}") = "CPP01-Sk-05-06-02", "CPP01-Sk-05-06-02\CPP01-Sk-05-06-02.vcxproj", "{FBB88AC7-FA51-45FB-9B05-D91D94D3FEDD}"
EndProject
Project("{8BC9CEB8-8B4A-11D0-8D11-00A0C91BC942}") = "CPP01-Sk-05-06-03", "CPP01-Sk-05-06-03\CPP01-Sk-05-06-03.vcxproj", "{2DAAF612-38DB-44C8-8E1A-D8B796D6FF67}"
EndProject
Project("{8BC9CEB8-8B4A-11D0-8D11-00A0C91BC942}") = "CPP01-Sk-05-06-04", "CPP01-Sk-05-06-04\CPP01-Sk-05-06-04.vcxproj", "{2E14331C-EA40-4AA2-B98B-AF03BB695189}"
EndProject
Project("{8BC9CEB8-8B4A-11D0-8D11-00A0C91BC942}") = "CPP01-Sk-05-06-05", "CPP01-Sk-05-06-05\CPP01-Sk-05-06-05.vcxproj", "{C63828C7-99ED-4341-9B95-D97E6F444581}"
EndProject
Project("{8BC9CEB8-8B4A-11D0-8D11-00A0C91BC942}") = "CPP01-Sk-05-06-06", "CPP01-Sk-05-06-06\CPP01-Sk-05-06-06.vcxproj", "{B25793EE-72B9-4C55-964A-3C5D4C9C5EDA}"
EndProject
Project("{8BC9CEB8-8B4A-11D0-8D11-00A0C91BC942}") = "CPP01-Sk-06-02-01", "CPP01-Sk-06-02-01\CPP01-Sk-06-02-01.vcxproj", "{A9B76B91-4E3F-45C3-AEF4-53CC9027564D}"
EndProject
Project("{8BC9CEB8-8B4A-11D0-8D11-00A0C91BC942}") = "CPP01-Sk-06-02-02", "CPP01-Sk-06-02-02\CPP01-Sk-06-02-02.vcxproj", "{534FFC15-BA11-4842-BD19-B1C557E96BEC}"
EndProject
Project("{8BC9CEB8-8B4A-11D0-8D11-00A0C91BC942}") = "CPP01-Sk-06-02-03", "CPP01-Sk-06-02-03\CPP01-Sk-06-02-03.vcxproj", "{21753699-6D86-4CBD-AD76-8D7404D2BBEB}"
EndProject
Project("{8BC9CEB8-8B4A-11D0-8D11-00A0C91BC942}") = "CPP01-Sk-06-02-04", "CPP01-Sk-06-02-04\CPP01-Sk-06-02-04.vcxproj", "{A80DF5CA-B5E2-478A-AFC5-CCEBF200BA26}"
EndProject
Project("{8BC9CEB8-8B4A-11D0-8D11-00A0C91BC942}") = "CPP01-Sk-06-02-05", "CPP01-Sk-06-02-05\CPP01-Sk-06-02-05.vcxproj", "{498913CC-3956-4088-B0ED-917AF5DAB6D8}"
EndProject
Project("{8BC9CEB8-8B4A-11D0-8D11-00A0C91BC942}") = "CPP01-Sk-06-02-06", "CPP01-Sk-06-02-06\CPP01-Sk-06-02-06.vcxproj", "{8B9E02E8-3D8F-4FC8-BAF5-743A60EEA6BC}"
EndProject
Project("{8BC9CEB8-8B4A-11D0-8D11-00A0C91BC942}") = "CPP01-Sk-06-03-01", "CPP01-Sk-06-03-01\CPP01-Sk-06-03-01.vcxproj", "{9D7C7A27-DE30-4ADE-9429-95AA30530AB5}"
EndProject
Project("{8BC9CEB8-8B4A-11D0-8D11-00A0C91BC942}") = "CPP01-Sk-06-03-02", "CPP01-Sk-06-03-02\CPP01-Sk-06-03-02.vcxproj", "{913E9AB6-257B-4D25-A6DA-E1B54501DFFE}"
EndProject
Project("{8BC9CEB8-8B4A-11D0-8D11-00A0C91BC942}") = "CPP01-Sk-06-03-03", "CPP01-Sk-06-03-03\CPP01-Sk-06-03-03.vcxproj", "{9176E262-C48F-4E01-826A-BBA21B27F742}"
EndProject
Project("{8BC9CEB8-8B4A-11D0-8D11-00A0C91BC942}") = "CPP01-Sk-06-03-04", "CPP01-Sk-06-03-04\CPP01-Sk-06-03-04.vcxproj", "{1B9F327E-3CBC-44F0-9343-A368F4B7DBA5}"
EndProject
Project("{8BC9CEB8-8B4A-11D0-8D11-00A0C91BC942}") = "CPP01-Sk-06-05-01", "CPP01-Sk-06-05-01\CPP01-Sk-06-05-01.vcxproj", "{4DD03B47-017E-4A10-A8DC-0D461390DC30}"
EndProject
Project("{8BC9CEB8-8B4A-11D0-8D11-00A0C91BC942}") = "CPP01-Sk-06-05-02", "CPP01-Sk-06-05-02\CPP01-Sk-06-05-02.vcxproj", "{C4307FF0-C78C-4044-A50E-BB83C91FC531}"
EndProject
Project("{8BC9CEB8-8B4A-11D0-8D11-00A0C91BC942}") = "CPP01-Sk-06-05-03", "CPP01-Sk-06-05-03\CPP01-Sk-06-05-03.vcxproj", "{9353C34D-5137-42B9-882D-913E8ED76995}"
EndProject
Project("{8BC9CEB8-8B4A-11D0-8D11-00A0C91BC942}") = "CPP01-Sk-06-05-04", "CPP01-Sk-06-05-04\CPP01-Sk-06-05-04.vcxproj", "{217CBA78-1784-4287-A242-E472C2974BD5}"
EndProject
Project("{8BC9CEB8-8B4A-11D0-8D11-00A0C91BC942}") = "CPP01-Sk-06-05-05", "CPP01-Sk-06-05-05\CPP01-Sk-06-05-05.vcxproj", "{FE5CCADE-0B8E-4FBD-B53A-19C9167C8DA6}"
EndProject
Project("{8BC9CEB8-8B4A-11D0-8D11-00A0C91BC942}") = "CPP01-Sk-06-05-06", "CPP01-Sk-06-05-06\CPP01-Sk-06-05-06.vcxproj", "{2DD74B0B-CE87-40AF-9EC3-245BE6B64BE9}"
EndProject
Project("{8BC9CEB8-8B4A-11D0-8D11-00A0C91BC942}") = "CPP01-Sk-06-05-07", "CPP01-Sk-06-05-07\CPP01-Sk-06-05-07.vcxproj", "{89C44F51-2230-40CD-A3E8-B278F9980E2D}"
EndProject
Project("{8BC9CEB8-8B4A-11D0-8D11-00A0C91BC942}") = "CPP01-Sk-06-05-08", "CPP01-Sk-06-05-08\CPP01-Sk-06-05-08.vcxproj", "{7263651F-2FB8-4C26-8F24-2F196397C2BC}"
EndProject
Project("{8BC9CEB8-8B4A-11D0-8D11-00A0C91BC942}") = "CPP01-Sk-07-02-01", "CPP01-Sk-07-02-01\CPP01-Sk-07-02-01.vcxproj", "{49814419-8138-4DBC-8EB8-ADE1467C8429}"
EndProject
Project("{8BC9CEB8-8B4A-11D0-8D11-00A0C91BC942}") = "CPP01-Sk-07-02-02", "CPP01-Sk-07-02-02\CPP01-Sk-07-02-02.vcxproj", "{92638DE6-A688-4A38-AEA9-ACF6B5A45772}"
EndProject
Project("{8BC9CEB8-8B4A-11D0-8D11-00A0C91BC942}") = "CPP01-Sk-07-02-03", "CPP01-Sk-07-02-03\CPP01-Sk-07-02-03.vcxproj", "{CDE19A35-8B89-4A0B-880F-34EE0780C95F}"
EndProject
Project("{8BC9CEB8-8B4A-11D0-8D11-00A0C91BC942}") = "CPP01-Sk-07-02-04", "CPP01-Sk-07-02-04\CPP01-Sk-07-02-04.vcxproj", "{1886DB33-3E96-4887-AA2D-5CC71898E86A}"
EndProject
Project("{8BC9CEB8-8B4A-11D0-8D11-00A0C91BC942}") = "CPP01-Sk-07-02-05", "CPP01-Sk-07-02-05\CPP01-Sk-07-02-05.vcxproj", "{15BEC361-9772-4338-9175-8CBEE6C53793}"
EndProject
Project("{8BC9CEB8-8B4A-11D0-8D11-00A0C91BC942}") = "CPP01-Sk-07-03-01", "CPP01-Sk-07-03-01\CPP01-Sk-07-03-01.vcxproj", "{D93DA378-FA2B-47AB-B89B-BB73370B5CCF}"
EndProject
Project("{8BC9CEB8-8B4A-11D0-8D11-00A0C91BC942}") = "CPP01-Sk-07-03-02", "CPP01-Sk-07-03-02\CPP01-Sk-07-03-02.vcxproj", "{569D1074-A56C-434E-A0F5-76AAB0487287}"
EndProject
Project("{8BC9CEB8-8B4A-11D0-8D11-00A0C91BC942}") = "CPP01-Sk-07-03-03", "CPP01-Sk-07-03-03\CPP01-Sk-07-03-03.vcxproj", "{EB88A476-28C1-4F09-A95A-6ACFE89C95A3}"
EndProject
Project("{8BC9CEB8-8B4A-11D0-8D11-00A0C91BC942}") = "CPP01-Sk-07-05-01", "CPP01-Sk-07-05-01\CPP01-Sk-07-05-01.vcxproj", "{CFBBBC9B-52D6-47C0-8A0C-3A9E21DCDB56}"
EndProject
Project("{8BC9CEB8-8B4A-11D0-8D11-00A0C91BC942}") = "CPP01-Sk-07-05-02", "CPP01-Sk-07-05-02\CPP01-Sk-07-05-02.vcxproj", "{FFF7E6BF-29A6-42B0-AF64-659E64FA058B}"
EndProject
Project("{8BC9CEB8-8B4A-11D0-8D11-00A0C91BC942}") = "CPP01-Sk-07-05-03", "CPP01-Sk-07-05-03\CPP01-Sk-07-05-03.vcxproj", "{42AA7D8D-208C-4567-83B2-B058273F57BF}"
EndProject
Project("{8BC9CEB8-8B4A-11D0-8D11-00A0C91BC942}") = "CPP01-Sk-07-05-04", "CPP01-Sk-07-05-04\CPP01-Sk-07-05-04.vcxproj", "{03773010-28B4-4A62-8CDD-E39421D1F734}"
EndProject
Project("{8BC9CEB8-8B4A-11D0-8D11-00A0C91BC942}") = "CPP01-Sk-07-05-05", "CPP01-Sk-07-05-05\CPP01-Sk-07-05-05.vcxproj", "{18C38D8E-910B-478B-9412-E0073DEAE286}"
EndProject
Project("{8BC9CEB8-8B4A-11D0-8D11-00A0C91BC942}") = "CPP01-Sk-07-05-06", "CPP01-Sk-07-05-06\CPP01-Sk-07-05-06.vcxproj", "{CFA4817D-3F23-4CC6-A305-766C380F5DAC}"
EndProject
Project("{8BC9CEB8-8B4A-11D0-8D11-00A0C91BC942}") = "CPP01-Sk-07-05-07", "CPP01-Sk-07-05-07\CPP01-Sk-07-05-07.vcxproj", "{64D54CE7-9B2E-46B8-AA4B-F6A8C1F61B4A}"
EndProject
Project("{8BC9CEB8-8B4A-11D0-8D11-00A0C91BC942}") = "CPP01-Sk-07-05-08", "CPP01-Sk-07-05-08\CPP01-Sk-07-05-08.vcxproj", "{6ED2B3CB-501E-4799-85EE-DCC160CE2BA2}"
EndProject
Project("{8BC9CEB8-8B4A-11D0-8D11-00A0C91BC942}") = "CPP01-Sk-08-02-01", "CPP01-Sk-08-02-01\CPP01-Sk-08-02-01.vcxproj", "{6C1DDEE7-CD76-4931-80F9-53127FA8B61C}"
EndProject
Project("{8BC9CEB8-8B4A-11D0-8D11-00A0C91BC942}") = "CPP01-Sk-08-02-02", "CPP01-Sk-08-02-02\CPP01-Sk-08-02-02.vcxproj", "{0B835FE3-8C2A-4122-87A7-1F322D9DC242}"
EndProject
Project("{8BC9CEB8-8B4A-11D0-8D11-00A0C91BC942}") = "CPP01-Sk-08-02-03", "CPP01-Sk-08-02-03\CPP01-Sk-08-02-03.vcxproj", "{7646A3EF-4119-4AE5-9B0D-0A1FDE6A1F07}"
EndProject
Project("{8BC9CEB8-8B4A-11D0-8D11-00A0C91BC942}") = "CPP01-Sk-08-03-01", "CPP01-Sk-08-03-01\CPP01-Sk-08-03-01.vcxproj", "{A958442E-9856-45CD-BCF8-10954BC463BF}"
EndProject
Project("{8BC9CEB8-8B4A-11D0-8D11-00A0C91BC942}") = "CPP01-Sk-08-03-02", "CPP01-Sk-08-03-02\CPP01-Sk-08-03-02.vcxproj", "{6E30B7D1-88F4-4A49-A1D1-3BA67EA1735D}"
EndProject
Project("{8BC9CEB8-8B4A-11D0-8D11-00A0C91BC942}") = "CPP01-Sk-08-03-03", "CPP01-Sk-08-03-03\CPP01-Sk-08-03-03.vcxproj", "{E605DB00-B5E8-4E8D-BF26-41FED130198F}"
EndProject
Project("{8BC9CEB8-8B4A-11D0-8D11-00A0C91BC942}") = "CPP01-Sk-08-03-04", "CPP01-Sk-08-03-04\CPP01-Sk-08-03-04.vcxproj", "{812A4121-4F53-4A37-AC02-43675A69D932}"
EndProject
Project("{8BC9CEB8-8B4A-11D0-8D11-00A0C91BC942}") = "CPP01-Sk-08-04-01", "CPP01-Sk-08-04-01\CPP01-Sk-08-04-01.vcxproj", "{BCB34516-B63B-47CB-83FE-91C21B875417}"
EndProject
Project("{8BC9CEB8-8B4A-11D0-8D11-00A0C91BC942}") = "CPP01-Sk-08-04-02", "CPP01-Sk-08-04-02\CPP01-Sk-08-04-02.vcxproj", "{2D346F1C-308E-48D7-A3F5-47A8E6C9F66B}"
EndProject
Global
	GlobalSection(SolutionConfigurationPlatforms) = preSolution
		Debug|Win32 = Debug|Win32
		Release|Win32 = Release|Win32
	EndGlobalSection
	GlobalSection(ProjectConfigurationPlatforms) = postSolution
		{AEDD2D6B-2CAD-4EC2-B6A2-5300D0FC70F8}.Debug|Win32.ActiveCfg = Debug|Win32
		{AEDD2D6B-2CAD-4EC2-B6A2-5300D0FC70F8}.Debug|Win32.Build.0 = Debug|Win32
		{AEDD2D6B-2CAD-4EC2-B6A2-5300D0FC70F8}.Release|Win32.ActiveCfg = Release|Win32
		{AEDD2D6B-2CAD-4EC2-B6A2-5300D0FC70F8}.Release|Win32.Build.0 = Release|Win32
		{AED88BD8-82A0-4DA6-9317-371F42A956D9}.Debug|Win32.ActiveCfg = Debug|Win32
		{AED88BD8-82A0-4DA6-9317-371F42A956D9}.Debug|Win32.Build.0 = Debug|Win32
		{AED88BD8-82A0-4DA6-9317-371F42A956D9}.Release|Win32.ActiveCfg = Release|Win32
		{AED88BD8-82A0-4DA6-9317-371F42A956D9}.Release|Win32.Build.0 = Release|Win32
		{D0205CA6-A833-4896-9F41-FACA36A6DFF0}.Debug|Win32.ActiveCfg = Debug|Win32
		{D0205CA6-A833-4896-9F41-FACA36A6DFF0}.Debug|Win32.Build.0 = Debug|Win32
		{D0205CA6-A833-4896-9F41-FACA36A6DFF0}.Release|Win32.ActiveCfg = Release|Win32
		{D0205CA6-A833-4896-9F41-FACA36A6DFF0}.Release|Win32.Build.0 = Release|Win32
		{5CF93F75-F0CB-4EA0-BE5D-087EA6C48D0D}.Debug|Win32.ActiveCfg = Debug|Win32
		{5CF93F75-F0CB-4EA0-BE5D-087EA6C48D0D}.Debug|Win32.Build.0 = Debug|Win32
		{5CF93F75-F0CB-4EA0-BE5D-087EA6C48D0D}.Release|Win32.ActiveCfg = Release|Win32
		{5CF93F75-F0CB-4EA0-BE5D-087EA6C48D0D}.Release|Win32.Build.0 = Release|Win32
		{03B95FDF-738A-45BC-85EF-896899C31F10}.Debug|Win32.ActiveCfg = Debug|Win32
		{03B95FDF-738A-45BC-85EF-896899C31F10}.Debug|Win32.Build.0 = Debug|Win32
		{03B95FDF-738A-45BC-85EF-896899C31F10}.Release|Win32.ActiveCfg = Release|Win32
		{03B95FDF-738A-45BC-85EF-896899C31F10}.Release|Win32.Build.0 = Release|Win32
		{3E098DA1-DDB8-4233-A673-FE6DE0A560EC}.Debug|Win32.ActiveCfg = Debug|Win32
		{3E098DA1-DDB8-4233-A673-FE6DE0A560EC}.Debug|Win32.Build.0 = Debug|Win32
		{3E098DA1-DDB8-4233-A673-FE6DE0A560EC}.Release|Win32.ActiveCfg = Release|Win32
		{3E098DA1-DDB8-4233-A673-FE6DE0A560EC}.Release|Win32.Build.0 = Release|Win32
		{478E08C6-BD0C-4424-807B-40EA8EA06F6F}.Debug|Win32.ActiveCfg = Debug|Win32
		{478E08C6-BD0C-4424-807B-40EA8EA06F6F}.Debug|Win32.Build.0 = Debug|Win32
		{478E08C6-BD0C-4424-807B-40EA8EA06F6F}.Release|Win32.ActiveCfg = Release|Win32
		{478E08C6-BD0C-4424-807B-40EA8EA06F6F}.Release|Win32.Build.0 = Release|Win32
		{CF317A95-D1A6-4CA5-BA3A-D46F71710635}.Debug|Win32.ActiveCfg = Debug|Win32
		{CF317A95-D1A6-4CA5-BA3A-D46F71710635}.Debug|Win32.Build.0 = Debug|Win32
		{CF317A95-D1A6-4CA5-BA3A-D46F71710635}.Release|Win32.ActiveCfg = Release|Win32
		{CF317A95-D1A6-4CA5-BA3A-D46F71710635}.Release|Win32.Build.0 = Release|Win32
		{FAA75242-BBAC-4E3D-A6AF-CBAC5A5330DB}.Debug|Win32.ActiveCfg = Debug|Win32
		{FAA75242-BBAC-4E3D-A6AF-CBAC5A5330DB}.Debug|Win32.Build.0 = Debug|Win32
		{FAA75242-BBAC-4E3D-A6AF-CBAC5A5330DB}.Release|Win32.ActiveCfg = Release|Win32
		{FAA75242-BBAC-4E3D-A6AF-CBAC5A5330DB}.Release|Win32.Build.0 = Release|Win32
		{94FCC500-46C7-48FA-B1A5-3BC0B72942E9}.Debug|Win32.ActiveCfg = Debug|Win32
		{94FCC500-46C7-48FA-B1A5-3BC0B72942E9}.Debug|Win32.Build.0 = Debug|Win32
		{94FCC500-46C7-48FA-B1A5-3BC0B72942E9}.Release|Win32.ActiveCfg = Release|Win32
		{94FCC500-46C7-48FA-B1A5-3BC0B72942E9}.Release|Win32.Build.0 = Release|Win32
		{906B18E4-64DD-47EF-ACC9-5601F12B544E}.Debug|Win32.ActiveCfg = Debug|Win32
		{906B18E4-64DD-47EF-ACC9-5601F12B544E}.Debug|Win32.Build.0 = Debug|Win32
		{906B18E4-64DD-47EF-ACC9-5601F12B544E}.Release|Win32.ActiveCfg = Release|Win32
		{906B18E4-64DD-47EF-ACC9-5601F12B544E}.Release|Win32.Build.0 = Release|Win32
		{2D44F151-6ABB-4AEC-8E49-65635856D6F7}.Debug|Win32.ActiveCfg = Debug|Win32
		{2D44F151-6ABB-4AEC-8E49-65635856D6F7}.Debug|Win32.Build.0 = Debug|Win32
		{2D44F151-6ABB-4AEC-8E49-65635856D6F7}.Release|Win32.ActiveCfg = Release|Win32
		{2D44F151-6ABB-4AEC-8E49-65635856D6F7}.Release|Win32.Build.0 = Release|Win32
		{004CE1A6-07AF-412C-AABB-0D2A226F7FA0}.Debug|Win32.ActiveCfg = Debug|Win32
		{004CE1A6-07AF-412C-AABB-0D2A226F7FA0}.Debug|Win32.Build.0 = Debug|Win32
		{004CE1A6-07AF-412C-AABB-0D2A226F7FA0}.Release|Win32.ActiveCfg = Release|Win32
		{004CE1A6-07AF-412C-AABB-0D2A226F7FA0}.Release|Win32.Build.0 = Release|Win32
		{D54EA97D-D1D5-459A-9578-6DFD735C14CC}.Debug|Win32.ActiveCfg = Debug|Win32
		{D54EA97D-D1D5-459A-9578-6DFD735C14CC}.Debug|Win32.Build.0 = Debug|Win32
		{D54EA97D-D1D5-459A-9578-6DFD735C14CC}.Release|Win32.ActiveCfg = Release|Win32
		{D54EA97D-D1D5-459A-9578-6DFD735C14CC}.Release|Win32.Build.0 = Release|Win32
		{1CAD2DEB-4807-4614-B02E-A456EBC07F5D}.Debug|Win32.ActiveCfg = Debug|Win32
		{1CAD2DEB-4807-4614-B02E-A456EBC07F5D}.Debug|Win32.Build.0 = Debug|Win32
		{1CAD2DEB-4807-4614-B02E-A456EBC07F5D}.Release|Win32.ActiveCfg = Release|Win32
		{1CAD2DEB-4807-4614-B02E-A456EBC07F5D}.Release|Win32.Build.0 = Release|Win32
		{66778932-FBA3-4697-B401-57E16373D84E}.Debug|Win32.ActiveCfg = Debug|Win32
		{66778932-FBA3-4697-B401-57E16373D84E}.Debug|Win32.Build.0 = Debug|Win32
		{66778932-FBA3-4697-B401-57E16373D84E}.Release|Win32.ActiveCfg = Release|Win32
		{66778932-FBA3-4697-B401-57E16373D84E}.Release|Win32.Build.0 = Release|Win32
		{CF0C3786-DD06-4EDB-ADC3-8F890ADA2DEC}.Debug|Win32.ActiveCfg = Debug|Win32
		{CF0C3786-DD06-4EDB-ADC3-8F890ADA2DEC}.Debug|Win32.Build.0 = Debug|Win32
		{CF0C3786-DD06-4EDB-ADC3-8F890ADA2DEC}.Release|Win32.ActiveCfg = Release|Win32
		{CF0C3786-DD06-4EDB-ADC3-8F890ADA2DEC}.Release|Win32.Build.0 = Release|Win32
		{E7604F96-F8CC-4775-B688-4E72BB7A2E44}.Debug|Win32.ActiveCfg = Debug|Win32
		{E7604F96-F8CC-4775-B688-4E72BB7A2E44}.Debug|Win32.Build.0 = Debug|Win32
		{E7604F96-F8CC-4775-B688-4E72BB7A2E44}.Release|Win32.ActiveCfg = Release|Win32
		{E7604F96-F8CC-4775-B688-4E72BB7A2E44}.Release|Win32.Build.0 = Release|Win32
		{B1CD52A8-6449-4CC3-A62F-ED4838CB016E}.Debug|Win32.ActiveCfg = Debug|Win32
		{B1CD52A8-6449-4CC3-A62F-ED4838CB016E}.Debug|Win32.Build.0 = Debug|Win32
		{B1CD52A8-6449-4CC3-A62F-ED4838CB016E}.Release|Win32.ActiveCfg = Release|Win32
		{B1CD52A8-6449-4CC3-A62F-ED4838CB016E}.Release|Win32.Build.0 = Release|Win32
		{5F17B5F4-DB3D-410F-95BB-727021643745}.Debug|Win32.ActiveCfg = Debug|Win32
		{5F17B5F4-DB3D-410F-95BB-727021643745}.Debug|Win32.Build.0 = Debug|Win32
		{5F17B5F4-DB3D-410F-95BB-727021643745}.Release|Win32.ActiveCfg = Release|Win32
		{5F17B5F4-DB3D-410F-95BB-727021643745}.Release|Win32.Build.0 = Release|Win32
		{57774FF3-E7FB-4365-A2F4-87876D2EDBE4}.Debug|Win32.ActiveCfg = Debug|Win32
		{57774FF3-E7FB-4365-A2F4-87876D2EDBE4}.Debug|Win32.Build.0 = Debug|Win32
		{57774FF3-E7FB-4365-A2F4-87876D2EDBE4}.Release|Win32.ActiveCfg = Release|Win32
		{57774FF3-E7FB-4365-A2F4-87876D2EDBE4}.Release|Win32.Build.0 = Release|Win32
		{DE530D0F-D863-45D0-9AF3-001AA45BD362}.Debug|Win32.ActiveCfg = Debug|Win32
		{DE530D0F-D863-45D0-9AF3-001AA45BD362}.Debug|Win32.Build.0 = Debug|Win32
		{DE530D0F-D863-45D0-9AF3-001AA45BD362}.Release|Win32.ActiveCfg = Release|Win32
		{DE530D0F-D863-45D0-9AF3-001AA45BD362}.Release|Win32.Build.0 = Release|Win32
		{6ACFF648-4469-460F-BE20-0CB94EC9F136}.Debug|Win32.ActiveCfg = Debug|Win32
		{6ACFF648-4469-460F-BE20-0CB94EC9F136}.Debug|Win32.Build.0 = Debug|Win32
		{6ACFF648-4469-460F-BE20-0CB94EC9F136}.Release|Win32.ActiveCfg = Release|Win32
		{6ACFF648-4469-460F-BE20-0CB94EC9F136}.Release|Win32.Build.0 = Release|Win32
		{1E9675BD-2F0E-42DA-8D2F-D5608766C9C0}.Debug|Win32.ActiveCfg = Debug|Win32
		{1E9675BD-2F0E-42DA-8D2F-D5608766C9C0}.Debug|Win32.Build.0 = Debug|Win32
		{1E9675BD-2F0E-42DA-8D2F-D5608766C9C0}.Release|Win32.ActiveCfg = Release|Win32
		{1E9675BD-2F0E-42DA-8D2F-D5608766C9C0}.Release|Win32.Build.0 = Release|Win32
		{154933D5-FAF7-47D9-84C5-59942E3771E7}.Debug|Win32.ActiveCfg = Debug|Win32
		{154933D5-FAF7-47D9-84C5-59942E3771E7}.Debug|Win32.Build.0 = Debug|Win32
		{154933D5-FAF7-47D9-84C5-59942E3771E7}.Release|Win32.ActiveCfg = Release|Win32
		{154933D5-FAF7-47D9-84C5-59942E3771E7}.Release|Win32.Build.0 = Release|Win32
		{9D512D70-AB09-4EFC-B5F4-7F562632570B}.Debug|Win32.ActiveCfg = Debug|Win32
		{9D512D70-AB09-4EFC-B5F4-7F562632570B}.Debug|Win32.Build.0 = Debug|Win32
		{9D512D70-AB09-4EFC-B5F4-7F562632570B}.Release|Win32.ActiveCfg = Release|Win32
		{9D512D70-AB09-4EFC-B5F4-7F562632570B}.Release|Win32.Build.0 = Release|Win32
		{0391DE71-CD7D-40DD-8CC9-553CE4E33363}.Debug|Win32.ActiveCfg = Debug|Win32
		{0391DE71-CD7D-40DD-8CC9-553CE4E33363}.Debug|Win32.Build.0 = Debug|Win32
		{0391DE71-CD7D-40DD-8CC9-553CE4E33363}.Release|Win32.ActiveCfg = Release|Win32
		{0391DE71-CD7D-40DD-8CC9-553CE4E33363}.Release|Win32.Build.0 = Release|Win32
		{84013230-4DB2-4DAB-B574-D7D8D0F2EE97}.Debug|Win32.ActiveCfg = Debug|Win32
		{84013230-4DB2-4DAB-B574-D7D8D0F2EE97}.Debug|Win32.Build.0 = Debug|Win32
		{84013230-4DB2-4DAB-B574-D7D8D0F2EE97}.Release|Win32.ActiveCfg = Release|Win32
		{84013230-4DB2-4DAB-B574-D7D8D0F2EE97}.Release|Win32.Build.0 = Release|Win32
		{A230C220-6584-48FF-87F7-7763AC865F90}.Debug|Win32.ActiveCfg = Debug|Win32
		{A230C220-6584-48FF-87F7-7763AC865F90}.Debug|Win32.Build.0 = Debug|Win32
		{A230C220-6584-48FF-87F7-7763AC865F90}.Release|Win32.ActiveCfg = Release|Win32
		{A230C220-6584-48FF-87F7-7763AC865F90}.Release|Win32.Build.0 = Release|Win32
		{3F4CFF42-4B2E-4EC9-859D-6F26BA08F598}.Debug|Win32.ActiveCfg = Debug|Win32
		{3F4CFF42-4B2E-4EC9-859D-6F26BA08F598}.Debug|Win32.Build.0 = Debug|Win32
		{3F4CFF42-4B2E-4EC9-859D-6F26BA08F598}.Release|Win32.ActiveCfg = Release|Win32
		{3F4CFF42-4B2E-4EC9-859D-6F26BA08F598}.Release|Win32.Build.0 = Release|Win32
		{6522CF7A-B658-4743-967B-C1C64A6F9883}.Debug|Win32.ActiveCfg = Debug|Win32
		{6522CF7A-B658-4743-967B-C1C64A6F9883}.Debug|Win32.Build.0 = Debug|Win32
		{6522CF7A-B658-4743-967B-C1C64A6F9883}.Release|Win32.ActiveCfg = Release|Win32
		{6522CF7A-B658-4743-967B-C1C64A6F9883}.Release|Win32.Build.0 = Release|Win32
		{FBB88AC7-FA51-45FB-9B05-D91D94D3FEDD}.Debug|Win32.ActiveCfg = Debug|Win32
		{FBB88AC7-FA51-45FB-9B05-D91D94D3FEDD}.Debug|Win32.Build.0 = Debug|Win32
		{FBB88AC7-FA51-45FB-9B05-D91D94D3FEDD}.Release|Win32.ActiveCfg = Release|Win32
		{FBB88AC7-FA51-45FB-9B05-D91D94D3FEDD}.Release|Win32.Build.0 = Release|Win32
		{2DAAF612-38DB-44C8-8E1A-D8B796D6FF67}.Debug|Win32.ActiveCfg = Debug|Win32
		{2DAAF612-38DB-44C8-8E1A-D8B796D6FF67}.Debug|Win32.Build.0 = Debug|Win32
		{2DAAF612-38DB-44C8-8E1A-D8B796D6FF67}.Release|Win32.ActiveCfg = Release|Win32
		{2DAAF612-38DB-44C8-8E1A-D8B796D6FF67}.Release|Win32.Build.0 = Release|Win32
		{2E14331C-EA40-4AA2-B98B-AF03BB695189}.Debug|Win32.ActiveCfg = Debug|Win32
		{2E14331C-EA40-4AA2-B98B-AF03BB695189}.Debug|Win32.Build.0 = Debug|Win32
		{2E14331C-EA40-4AA2-B98B-AF03BB695189}.Release|Win32.ActiveCfg = Release|Win32
		{2E14331C-EA40-4AA2-B98B-AF03BB695189}.Release|Win32.Build.0 = Release|Win32
		{C63828C7-99ED-4341-9B95-D97E6F444581}.Debug|Win32.ActiveCfg = Debug|Win32
		{C63828C7-99ED-4341-9B95-D97E6F444581}.Debug|Win32.Build.0 = Debug|Win32
		{C63828C7-99ED-4341-9B95-D97E6F444581}.Release|Win32.ActiveCfg = Release|Win32
		{C63828C7-99ED-4341-9B95-D97E6F444581}.Release|Win32.Build.0 = Release|Win32
		{B25793EE-72B9-4C55-964A-3C5D4C9C5EDA}.Debug|Win32.ActiveCfg = Debug|Win32
		{B25793EE-72B9-4C55-964A-3C5D4C9C5EDA}.Debug|Win32.Build.0 = Debug|Win32
		{B25793EE-72B9-4C55-964A-3C5D4C9C5EDA}.Release|Win32.ActiveCfg = Release|Win32
		{B25793EE-72B9-4C55-964A-3C5D4C9C5EDA}.Release|Win32.Build.0 = Release|Win32
		{A9B76B91-4E3F-45C3-AEF4-53CC9027564D}.Debug|Win32.ActiveCfg = Debug|Win32
		{A9B76B91-4E3F-45C3-AEF4-53CC9027564D}.Debug|Win32.Build.0 = Debug|Win32
		{A9B76B91-4E3F-45C3-AEF4-53CC9027564D}.Release|Win32.ActiveCfg = Release|Win32
		{A9B76B91-4E3F-45C3-AEF4-53CC9027564D}.Release|Win32.Build.0 = Release|Win32
		{534FFC15-BA11-4842-BD19-B1C557E96BEC}.Debug|Win32.ActiveCfg = Debug|Win32
		{534FFC15-BA11-4842-BD19-B1C557E96BEC}.Debug|Win32.Build.0 = Debug|Win32
		{534FFC15-BA11-4842-BD19-B1C557E96BEC}.Release|Win32.ActiveCfg = Release|Win32
		{534FFC15-BA11-4842-BD19-B1C557E96BEC}.Release|Win32.Build.0 = Release|Win32
		{21753699-6D86-4CBD-AD76-8D7404D2BBEB}.Debug|Win32.ActiveCfg = Debug|Win32
		{21753699-6D86-4CBD-AD76-8D7404D2BBEB}.Debug|Win32.Build.0 = Debug|Win32
		{21753699-6D86-4CBD-AD76-8D7404D2BBEB}.Release|Win32.ActiveCfg = Release|Win32
		{21753699-6D86-4CBD-AD76-8D7404D2BBEB}.Release|Win32.Build.0 = Release|Win32
		{A80DF5CA-B5E2-478A-AFC5-CCEBF200BA26}.Debug|Win32.ActiveCfg = Debug|Win32
		{A80DF5CA-B5E2-478A-AFC5-CCEBF200BA26}.Debug|Win32.Build.0 = Debug|Win32
		{A80DF5CA-B5E2-478A-AFC5-CCEBF200BA26}.Release|Win32.ActiveCfg = Release|Win32
		{A80DF5CA-B5E2-478A-AFC5-CCEBF200BA26}.Release|Win32.Build.0 = Release|Win32
		{498913CC-3956-4088-B0ED-917AF5DAB6D8}.Debug|Win32.ActiveCfg = Debug|Win32
		{498913CC-3956-4088-B0ED-917AF5DAB6D8}.Debug|Win32.Build.0 = Debug|Win32
		{498913CC-3956-4088-B0ED-917AF5DAB6D8}.Release|Win32.ActiveCfg = Release|Win32
		{498913CC-3956-4088-B0ED-917AF5DAB6D8}.Release|Win32.Build.0 = Release|Win32
		{8B9E02E8-3D8F-4FC8-BAF5-743A60EEA6BC}.Debug|Win32.ActiveCfg = Debug|Win32
		{8B9E02E8-3D8F-4FC8-BAF5-743A60EEA6BC}.Debug|Win32.Build.0 = Debug|Win32
		{8B9E02E8-3D8F-4FC8-BAF5-743A60EEA6BC}.Release|Win32.ActiveCfg = Release|Win32
		{8B9E02E8-3D8F-4FC8-BAF5-743A60EEA6BC}.Release|Win32.Build.0 = Release|Win32
		{9D7C7A27-DE30-4ADE-9429-95AA30530AB5}.Debug|Win32.ActiveCfg = Debug|Win32
		{9D7C7A27-DE30-4ADE-9429-95AA30530AB5}.Debug|Win32.Build.0 = Debug|Win32
		{9D7C7A27-DE30-4ADE-9429-95AA30530AB5}.Release|Win32.ActiveCfg = Release|Win32
		{9D7C7A27-DE30-4ADE-9429-95AA30530AB5}.Release|Win32.Build.0 = Release|Win32
		{913E9AB6-257B-4D25-A6DA-E1B54501DFFE}.Debug|Win32.ActiveCfg = Debug|Win32
		{913E9AB6-257B-4D25-A6DA-E1B54501DFFE}.Debug|Win32.Build.0 = Debug|Win32
		{913E9AB6-257B-4D25-A6DA-E1B54501DFFE}.Release|Win32.ActiveCfg = Release|Win32
		{913E9AB6-257B-4D25-A6DA-E1B54501DFFE}.Release|Win32.Build.0 = Release|Win32
		{9176E262-C48F-4E01-826A-BBA21B27F742}.Debug|Win32.ActiveCfg = Debug|Win32
		{9176E262-C48F-4E01-826A-BBA21B27F742}.Debug|Win32.Build.0 = Debug|Win32
		{9176E262-C48F-4E01-826A-BBA21B27F742}.Release|Win32.ActiveCfg = Release|Win32
		{9176E262-C48F-4E01-826A-BBA21B27F742}.Release|Win32.Build.0 = Release|Win32
		{1B9F327E-3CBC-44F0-9343-A368F4B7DBA5}.Debug|Win32.ActiveCfg = Debug|Win32
		{1B9F327E-3CBC-44F0-9343-A368F4B7DBA5}.Debug|Win32.Build.0 = Debug|Win32
		{1B9F327E-3CBC-44F0-9343-A368F4B7DBA5}.Release|Win32.ActiveCfg = Release|Win32
		{1B9F327E-3CBC-44F0-9343-A368F4B7DBA5}.Release|Win32.Build.0 = Release|Win32
		{4DD03B47-017E-4A10-A8DC-0D461390DC30}.Debug|Win32.ActiveCfg = Debug|Win32
		{4DD03B47-017E-4A10-A8DC-0D461390DC30}.Debug|Win32.Build.0 = Debug|Win32
		{4DD03B47-017E-4A10-A8DC-0D461390DC30}.Release|Win32.ActiveCfg = Release|Win32
		{4DD03B47-017E-4A10-A8DC-0D461390DC30}.Release|Win32.Build.0 = Release|Win32
		{C4307FF0-C78C-4044-A50E-BB83C91FC531}.Debug|Win32.ActiveCfg = Debug|Win32
		{C4307FF0-C78C-4044-A50E-BB83C91FC531}.Debug|Win32.Build.0 = Debug|Win32
		{C4307FF0-C78C-4044-A50E-BB83C91FC531}.Release|Win32.ActiveCfg = Release|Win32
		{C4307FF0-C78C-4044-A50E-BB83C91FC531}.Release|Win32.Build.0 = Release|Win32
		{9353C34D-5137-42B9-882D-913E8ED76995}.Debug|Win32.ActiveCfg = Debug|Win32
		{9353C34D-5137-42B9-882D-913E8ED76995}.Debug|Win32.Build.0 = Debug|Win32
		{9353C34D-5137-42B9-882D-913E8ED76995}.Release|Win32.ActiveCfg = Release|Win32
		{9353C34D-5137-42B9-882D-913E8ED76995}.Release|Win32.Build.0 = Release|Win32
		{217CBA78-1784-4287-A242-E472C2974BD5}.Debug|Win32.ActiveCfg = Debug|Win32
		{217CBA78-1784-4287-A242-E472C2974BD5}.Debug|Win32.Build.0 = Debug|Win32
		{217CBA78-1784-4287-A242-E472C2974BD5}.Release|Win32.ActiveCfg = Release|Win32
		{217CBA78-1784-4287-A242-E472C2974BD5}.Release|Win32.Build.0 = Release|Win32
		{FE5CCADE-0B8E-4FBD-B53A-19C9167C8DA6}.Debug|Win32.ActiveCfg = Debug|Win32
		{FE5CCADE-0B8E-4FBD-B53A-19C9167C8DA6}.Debug|Win32.Build.0 = Debug|Win32
		{FE5CCADE-0B8E-4FBD-B53A-19C9167C8DA6}.Release|Win32.ActiveCfg = Release|Win32
		{FE5CCADE-0B8E-4FBD-B53A-19C9167C8DA6}.Release|Win32.Build.0 = Release|Win32
		{2DD74B0B-CE87-40AF-9EC3-245BE6B64BE9}.Debug|Win32.ActiveCfg = Debug|Win32
		{2DD74B0B-CE87-40AF-9EC3-245BE6B64BE9}.Debug|Win32.Build.0 = Debug|Win32
		{2DD74B0B-CE87-40AF-9EC3-245BE6B64BE9}.Release|Win32.ActiveCfg = Release|Win32
		{2DD74B0B-CE87-40AF-9EC3-245BE6B64BE9}.Release|Win32.Build.0 = Release|Win32
		{89C44F51-2230-40CD-A3E8-B278F9980E2D}.Debug|Win32.ActiveCfg = Debug|Win32
		{89C44F51-2230-40CD-A3E8-B278F9980E2D}.Debug|Win32.Build.0 = Debug|Win32
		{89C44F51-2230-40CD-A3E8-B278F9980E2D}.Release|Win32.ActiveCfg = Release|Win32
		{89C44F51-2230-40CD-A3E8-B278F9980E2D}.Release|Win32.Build.0 = Release|Win32
		{7263651F-2FB8-4C26-8F24-2F196397C2BC}.Debug|Win32.ActiveCfg = Debug|Win32
		{7263651F-2FB8-4C26-8F24-2F196397C2BC}.Debug|Win32.Build.0 = Debug|Win32
		{7263651F-2FB8-4C26-8F24-2F196397C2BC}.Release|Win32.ActiveCfg = Release|Win32
		{7263651F-2FB8-4C26-8F24-2F196397C2BC}.Release|Win32.Build.0 = Release|Win32
		{49814419-8138-4DBC-8EB8-ADE1467C8429}.Debug|Win32.ActiveCfg = Debug|Win32
		{49814419-8138-4DBC-8EB8-ADE1467C8429}.Debug|Win32.Build.0 = Debug|Win32
		{49814419-8138-4DBC-8EB8-ADE1467C8429}.Release|Win32.ActiveCfg = Release|Win32
		{49814419-8138-4DBC-8EB8-ADE1467C8429}.Release|Win32.Build.0 = Release|Win32
		{92638DE6-A688-4A38-AEA9-ACF6B5A45772}.Debug|Win32.ActiveCfg = Debug|Win32
		{92638DE6-A688-4A38-AEA9-ACF6B5A45772}.Debug|Win32.Build.0 = Debug|Win32
		{92638DE6-A688-4A38-AEA9-ACF6B5A45772}.Release|Win32.ActiveCfg = Release|Win32
		{92638DE6-A688-4A38-AEA9-ACF6B5A45772}.Release|Win32.Build.0 = Release|Win32
		{CDE19A35-8B89-4A0B-880F-34EE0780C95F}.Debug|Win32.ActiveCfg = Debug|Win32
		{CDE19A35-8B89-4A0B-880F-34EE0780C95F}.Debug|Win32.Build.0 = Debug|Win32
		{CDE19A35-8B89-4A0B-880F-34EE0780C95F}.Release|Win32.ActiveCfg = Release|Win32
		{CDE19A35-8B89-4A0B-880F-34EE0780C95F}.Release|Win32.Build.0 = Release|Win32
		{1886DB33-3E96-4887-AA2D-5CC71898E86A}.Debug|Win32.ActiveCfg = Debug|Win32
		{1886DB33-3E96-4887-AA2D-5CC71898E86A}.Debug|Win32.Build.0 = Debug|Win32
		{1886DB33-3E96-4887-AA2D-5CC71898E86A}.Release|Win32.ActiveCfg = Release|Win32
		{1886DB33-3E96-4887-AA2D-5CC71898E86A}.Release|Win32.Build.0 = Release|Win32
		{15BEC361-9772-4338-9175-8CBEE6C53793}.Debug|Win32.ActiveCfg = Debug|Win32
		{15BEC361-9772-4338-9175-8CBEE6C53793}.Debug|Win32.Build.0 = Debug|Win32
		{15BEC361-9772-4338-9175-8CBEE6C53793}.Release|Win32.ActiveCfg = Release|Win32
		{15BEC361-9772-4338-9175-8CBEE6C53793}.Release|Win32.Build.0 = Release|Win32
		{D93DA378-FA2B-47AB-B89B-BB73370B5CCF}.Debug|Win32.ActiveCfg = Debug|Win32
		{D93DA378-FA2B-47AB-B89B-BB73370B5CCF}.Debug|Win32.Build.0 = Debug|Win32
		{D93DA378-FA2B-47AB-B89B-BB73370B5CCF}.Release|Win32.ActiveCfg = Release|Win32
		{D93DA378-FA2B-47AB-B89B-BB73370B5CCF}.Release|Win32.Build.0 = Release|Win32
		{569D1074-A56C-434E-A0F5-76AAB0487287}.Debug|Win32.ActiveCfg = Debug|Win32
		{569D1074-A56C-434E-A0F5-76AAB0487287}.Debug|Win32.Build.0 = Debug|Win32
		{569D1074-A56C-434E-A0F5-76AAB0487287}.Release|Win32.ActiveCfg = Release|Win32
		{569D1074-A56C-434E-A0F5-76AAB0487287}.Release|Win32.Build.0 = Release|Win32
		{EB88A476-28C1-4F09-A95A-6ACFE89C95A3}.Debug|Win32.ActiveCfg = Debug|Win32
		{EB88A476-28C1-4F09-A95A-6ACFE89C95A3}.Debug|Win32.Build.0 = Debug|Win32
		{EB88A476-28C1-4F09-A95A-6ACFE89C95A3}.Release|Win32.ActiveCfg = Release|Win32
		{EB88A476-28C1-4F09-A95A-6ACFE89C95A3}.Release|Win32.Build.0 = Release|Win32
		{CFBBBC9B-52D6-47C0-8A0C-3A9E21DCDB56}.Debug|Win32.ActiveCfg = Debug|Win32
		{CFBBBC9B-52D6-47C0-8A0C-3A9E21DCDB56}.Debug|Win32.Build.0 = Debug|Win32
		{CFBBBC9B-52D6-47C0-8A0C-3A9E21DCDB56}.Release|Win32.ActiveCfg = Release|Win32
		{CFBBBC9B-52D6-47C0-8A0C-3A9E21DCDB56}.Release|Win32.Build.0 = Release|Win32
		{FFF7E6BF-29A6-42B0-AF64-659E64FA058B}.Debug|Win32.ActiveCfg = Debug|Win32
		{FFF7E6BF-29A6-42B0-AF64-659E64FA058B}.Debug|Win32.Build.0 = Debug|Win32
		{FFF7E6BF-29A6-42B0-AF64-659E64FA058B}.Release|Win32.ActiveCfg = Release|Win32
		{FFF7E6BF-29A6-42B0-AF64-659E64FA058B}.Release|Win32.Build.0 = Release|Win32
		{42AA7D8D-208C-4567-83B2-B058273F57BF}.Debug|Win32.ActiveCfg = Debug|Win32
		{42AA7D8D-208C-4567-83B2-B058273F57BF}.Debug|Win32.Build.0 = Debug|Win32
		{42AA7D8D-208C-4567-83B2-B058273F57BF}.Release|Win32.ActiveCfg = Release|Win32
		{42AA7D8D-208C-4567-83B2-B058273F57BF}.Release|Win32.Build.0 = Release|Win32
		{03773010-28B4-4A62-8CDD-E39421D1F734}.Debug|Win32.ActiveCfg = Debug|Win32
		{03773010-28B4-4A62-8CDD-E39421D1F734}.Debug|Win32.Build.0 = Debug|Win32
		{03773010-28B4-4A62-8CDD-E39421D1F734}.Release|Win32.ActiveCfg = Release|Win32
		{03773010-28B4-4A62-8CDD-E39421D1F734}.Release|Win32.Build.0 = Release|Win32
		{18C38D8E-910B-478B-9412-E0073DEAE286}.Debug|Win32.ActiveCfg = Debug|Win32
		{18C38D8E-910B-478B-9412-E0073DEAE286}.Debug|Win32.Build.0 = Debug|Win32
		{18C38D8E-910B-478B-9412-E0073DEAE286}.Release|Win32.ActiveCfg = Release|Win32
		{18C38D8E-910B-478B-9412-E0073DEAE286}.Release|Win32.Build.0 = Release|Win32
		{CFA4817D-3F23-4CC6-A305-766C380F5DAC}.Debug|Win32.ActiveCfg = Debug|Win32
		{CFA4817D-3F23-4CC6-A305-766C380F5DAC}.Debug|Win32.Build.0 = Debug|Win32
		{CFA4817D-3F23-4CC6-A305-766C380F5DAC}.Release|Win32.ActiveCfg = Release|Win32
		{CFA4817D-3F23-4CC6-A305-766C380F5DAC}.Release|Win32.Build.0 = Release|Win32
		{64D54CE7-9B2E-46B8-AA4B-F6A8C1F61B4A}.Debug|Win32.ActiveCfg = Debug|Win32
		{64D54CE7-9B2E-46B8-AA4B-F6A8C1F61B4A}.Debug|Win32.Build.0 = Debug|Win32
		{64D54CE7-9B2E-46B8-AA4B-F6A8C1F61B4A}.Release|Win32.ActiveCfg = Release|Win32
		{64D54CE7-9B2E-46B8-AA4B-F6A8C1F61B4A}.Release|Win32.Build.0 = Release|Win32
		{6ED2B3CB-501E-4799-85EE-DCC160CE2BA2}.Debug|Win32.ActiveCfg = Debug|Win32
		{6ED2B3CB-501E-4799-85EE-DCC160CE2BA2}.Debug|Win32.Build.0 = Debug|Win32
		{6ED2B3CB-501E-4799-85EE-DCC160CE2BA2}.Release|Win32.ActiveCfg = Release|Win32
		{6ED2B3CB-501E-4799-85EE-DCC160CE2BA2}.Release|Win32.Build.0 = Release|Win32
		{6C1DDEE7-CD76-4931-80F9-53127FA8B61C}.Debug|Win32.ActiveCfg = Debug|Win32
		{6C1DDEE7-CD76-4931-80F9-53127FA8B61C}.Debug|Win32.Build.0 = Debug|Win32
		{6C1DDEE7-CD76-4931-80F9-53127FA8B61C}.Release|Win32.ActiveCfg = Release|Win32
		{6C1DDEE7-CD76-4931-80F9-53127FA8B61C}.Release|Win32.Build.0 = Release|Win32
		{0B835FE3-8C2A-4122-87A7-1F322D9DC242}.Debug|Win32.ActiveCfg = Debug|Win32
		{0B835FE3-8C2A-4122-87A7-1F322D9DC242}.Debug|Win32.Build.0 = Debug|Win32
		{0B835FE3-8C2A-4122-87A7-1F322D9DC242}.Release|Win32.ActiveCfg = Release|Win32
		{0B835FE3-8C2A-4122-87A7-1F322D9DC242}.Release|Win32.Build.0 = Release|Win32
		{7646A3EF-4119-4AE5-9B0D-0A1FDE6A1F07}.Debug|Win32.ActiveCfg = Debug|Win32
		{7646A3EF-4119-4AE5-9B0D-0A1FDE6A1F07}.Debug|Win32.Build.0 = Debug|Win32
		{7646A3EF-4119-4AE5-9B0D-0A1FDE6A1F07}.Release|Win32.ActiveCfg = Release|Win32
		{7646A3EF-4119-4AE5-9B0D-0A1FDE6A1F07}.Release|Win32.Build.0 = Release|Win32
		{A958442E-9856-45CD-BCF8-10954BC463BF}.Debug|Win32.ActiveCfg = Debug|Win32
		{A958442E-9856-45CD-BCF8-10954BC463BF}.Debug|Win32.Build.0 = Debug|Win32
		{A958442E-9856-45CD-BCF8-10954BC463BF}.Release|Win32.ActiveCfg = Release|Win32
		{A958442E-9856-45CD-BCF8-10954BC463BF}.Release|Win32.Build.0 = Release|Win32
		{6E30B7D1-88F4-4A49-A1D1-3BA67EA1735D}.Debug|Win32.ActiveCfg = Debug|Win32
		{6E30B7D1-88F4-4A49-A1D1-3BA67EA1735D}.Debug|Win32.Build.0 = Debug|Win32
		{6E30B7D1-88F4-4A49-A1D1-3BA67EA1735D}.Release|Win32.ActiveCfg = Release|Win32
		{6E30B7D1-88F4-4A49-A1D1-3BA67EA1735D}.Release|Win32.Build.0 = Release|Win32
		{E605DB00-B5E8-4E8D-BF26-41FED130198F}.Debug|Win32.ActiveCfg = Debug|Win32
		{E605DB00-B5E8-4E8D-BF26-41FED130198F}.Debug|Win32.Build.0 = Debug|Win32
		{E605DB00-B5E8-4E8D-BF26-41FED130198F}.Release|Win32.ActiveCfg = Release|Win32
		{E605DB00-B5E8-4E8D-BF26-41FED130198F}.Release|Win32.Build.0 = Release|Win32
		{812A4121-4F53-4A37-AC02-43675A69D932}.Debug|Win32.ActiveCfg = Debug|Win32
		{812A4121-4F53-4A37-AC02-43675A69D932}.Debug|Win32.Build.0 = Debug|Win32
		{812A4121-4F53-4A37-AC02-43675A69D932}.Release|Win32.ActiveCfg = Release|Win32
		{812A4121-4F53-4A37-AC02-43675A69D932}.Release|Win32.Build.0 = Release|Win32
		{BCB34516-B63B-47CB-83FE-91C21B875417}.Debug|Win32.ActiveCfg = Debug|Win32
		{BCB34516-B63B-47CB-83FE-91C21B875417}.Debug|Win32.Build.0 = Debug|Win32
		{BCB34516-B63B-47CB-83FE-91C21B875417}.Release|Win32.ActiveCfg = Release|Win32
		{BCB34516-B63B-47CB-83FE-91C21B875417}.Release|Win32.Build.0 = Release|Win32
		{2D346F1C-308E-48D7-A3F5-47A8E6C9F66B}.Debug|Win32.ActiveCfg = Debug|Win32
		{2D346F1C-308E-48D7-A3F5-47A8E6C9F66B}.Debug|Win32.Build.0 = Debug|Win32
		{2D346F1C-308E-48D7-A3F5-47A8E6C9F66B}.Release|Win32.ActiveCfg = Release|Win32
		{2D346F1C-308E-48D7-A3F5-47A8E6C9F66B}.Release|Win32.Build.0 = Release|Win32
	EndGlobalSection
	GlobalSection(SolutionProperties) = preSolution
		HideSolutionNode = FALSE
	EndGlobalSection
EndGlobal
